
Microsoft Visual Studio Solution File, Format Version 12.00
# Visual Studio Version 17
VisualStudioVersion = 17.0.31903.59
MinimumVisualStudioVersion = 10.0.40219.1
Project("{2150E333-8FDC-42A3-9474-1A3956D46DE8}") = "src", "src", "{599A22BF-F373-424C-B7BD-398D36EF6290}"
EndProject
Project("{2150E333-8FDC-42A3-9474-1A3956D46DE8}") = "test", "test", "{B558E004-5878-49D1-A95D-33272DED7A2D}"
EndProject
Project("{2150E333-8FDC-42A3-9474-1A3956D46DE8}") = "Identity", "Identity", "{92D8B188-02E2-4D1B-9C24-7649BAD3DF0F}"
EndProject
Project("{2150E333-8FDC-42A3-9474-1A3956D46DE8}") = "Examination", "Examination", "{8272425B-EEE1-4525-AB15-AC1D06DDA1F3}"
EndProject
Project("{2150E333-8FDC-42A3-9474-1A3956D46DE8}") = "BuildingBlocks", "BuildingBlocks", "{A5F24C51-65DE-4782-BC95-CEB5C6C7B630}"
EndProject
Project("{2150E333-8FDC-42A3-9474-1A3956D46DE8}") = "Services", "Services", "{4D4B7A2D-87E0-4E31-827D-98A898FBE8AE}"
EndProject
Project("{2150E333-8FDC-42A3-9474-1A3956D46DE8}") = "WebApps", "WebApps", "{4658A9C2-EAD0-45C9-B301-3E387EE33E5C}"
EndProject
Project("{2150E333-8FDC-42A3-9474-1A3956D46DE8}") = "Examination.Shared", "Examination.Shared", "{219519AE-34B7-4226-9A41-D2F9661DB418}"
EndProject
Project("{2150E333-8FDC-42A3-9474-1A3956D46DE8}") = "Enums", "Enums", "{7A796983-0DC9-4C2C-B0EE-DCC04DE344B6}"
EndProject
Project("{2150E333-8FDC-42A3-9474-1A3956D46DE8}") = "Categories", "Categories", "{EFA2F22F-7E32-4138-B3F6-D63F81C26D9D}"
EndProject
Project("{2150E333-8FDC-42A3-9474-1A3956D46DE8}") = "ExamResults", "ExamResults", "{B7CBE4F4-ED6F-4E9E-B79B-6590161A000B}"
EndProject
Project("{2150E333-8FDC-42A3-9474-1A3956D46DE8}") = "Exams", "Exams", "{06C08316-9930-4E1B-8C1E-1E84800CF555}"
EndProject
Project("{2150E333-8FDC-42A3-9474-1A3956D46DE8}") = "Questions", "Questions", "{33A11971-3D23-47BE-A181-128A4D6358F5}"
EndProject
Project("{2150E333-8FDC-42A3-9474-1A3956D46DE8}") = "SeedWork", "SeedWork", "{97F077B8-7A23-4E06-AADA-2F44E0A41CED}"
EndProject
Project("{9A19103F-16F7-4668-BE54-9A1E7A4F7556}") = "Examination.API", "src\Examination\Examination.API\Examination.API.csproj", "{BE7565F7-79A9-4911-B177-02F21795B050}"
EndProject
Project("{9A19103F-16F7-4668-BE54-9A1E7A4F7556}") = "Examination.Application", "src\Examination\Examination.Application\Examination.Application.csproj", "{15017A85-C579-48F8-95C2-272688B48193}"
EndProject
Project("{9A19103F-16F7-4668-BE54-9A1E7A4F7556}") = "Examination.Domain", "src\Examination\Examination.Domain\Examination.Domain.csproj", "{A3FC3677-DAE4-4011-A38E-580D1292FCF8}"
EndProject
Project("{9A19103F-16F7-4668-BE54-9A1E7A4F7556}") = "Examination.Infrastructure.MongoDb", "src\Examination\Examination.Infrastructure.MongoDb\Examination.Infrastructure.MongoDb.csproj", "{5E52573B-54E3-4099-A9CA-EA2203E17115}"
EndProject
Project("{9A19103F-16F7-4668-BE54-9A1E7A4F7556}") = "Identity.Admin.Api", "src\Identitty\Identity.Admin.Api\Identity.Admin.Api.csproj", "{D4924E8C-6D39-42A1-BBD3-3E971ABA9742}"
EndProject
Project("{2150E333-8FDC-42A3-9474-1A3956D46DE8}") = "Examination", "Examination", "{5EA433C8-1315-4575-BE8E-B0A47B8A00F2}"
EndProject
Project("{9A19103F-16F7-4668-BE54-9A1E7A4F7556}") = "Examination.API.IntegrationTests", "test\Examination\Examination.API.IntegrationTests\Examination.API.IntegrationTests.csproj", "{4661F918-0FEB-4735-9C4C-D71F268BB86D}"
EndProject
Project("{9A19103F-16F7-4668-BE54-9A1E7A4F7556}") = "Examination.Application.UnitTests", "test\Examination\Examination.Application.UnitTests\Examination.Application.UnitTests.csproj", "{A42CBB80-0856-4D6A-8146-5467B8048780}"
EndProject
Project("{9A19103F-16F7-4668-BE54-9A1E7A4F7556}") = "Examination.Domain.UnitTests", "test\Examination\Examination.Domain.UnitTests\Examination.Domain.UnitTests.csproj", "{232E7226-A932-46A1-8199-E6736B5D342B}"
EndProject
Project("{9A19103F-16F7-4668-BE54-9A1E7A4F7556}") = "Examination.Infrastructure.IntegrationTests", "test\Examination\Examination.Infrastructure.IntegrationTests\Examination.Infrastructure.IntegrationTests.csproj", "{86731CD9-7484-479E-8FBE-A4A5D9D0B3AC}"
EndProject
Project("{2150E333-8FDC-42A3-9474-1A3956D46DE8}") = "Identity", "Identity", "{A5ABF891-762A-4A32-BA8C-3E7DFA12F832}"
EndProject
Project("{9A19103F-16F7-4668-BE54-9A1E7A4F7556}") = "Identity.API.IntegrationTests", "test\Identity\Identity.API.IntegrationTests\Identity.API.IntegrationTests.csproj", "{CB2D79FB-1898-48EB-8B04-69EED5180AFB}"
EndProject
Global
	GlobalSection(SolutionConfigurationPlatforms) = preSolution
		Debug|Any CPU = Debug|Any CPU
		Release|Any CPU = Release|Any CPU
	EndGlobalSection
	GlobalSection(ProjectConfigurationPlatforms) = postSolution
		{BE7565F7-79A9-4911-B177-02F21795B050}.Debug|Any CPU.ActiveCfg = Debug|Any CPU
		{BE7565F7-79A9-4911-B177-02F21795B050}.Debug|Any CPU.Build.0 = Debug|Any CPU
		{BE7565F7-79A9-4911-B177-02F21795B050}.Release|Any CPU.ActiveCfg = Release|Any CPU
		{BE7565F7-79A9-4911-B177-02F21795B050}.Release|Any CPU.Build.0 = Release|Any CPU
		{15017A85-C579-48F8-95C2-272688B48193}.Debug|Any CPU.ActiveCfg = Debug|Any CPU
		{15017A85-C579-48F8-95C2-272688B48193}.Debug|Any CPU.Build.0 = Debug|Any CPU
		{15017A85-C579-48F8-95C2-272688B48193}.Release|Any CPU.ActiveCfg = Release|Any CPU
		{15017A85-C579-48F8-95C2-272688B48193}.Release|Any CPU.Build.0 = Release|Any CPU
		{A3FC3677-DAE4-4011-A38E-580D1292FCF8}.Debug|Any CPU.ActiveCfg = Debug|Any CPU
		{A3FC3677-DAE4-4011-A38E-580D1292FCF8}.Debug|Any CPU.Build.0 = Debug|Any CPU
		{A3FC3677-DAE4-4011-A38E-580D1292FCF8}.Release|Any CPU.ActiveCfg = Release|Any CPU
		{A3FC3677-DAE4-4011-A38E-580D1292FCF8}.Release|Any CPU.Build.0 = Release|Any CPU
		{5E52573B-54E3-4099-A9CA-EA2203E17115}.Debug|Any CPU.ActiveCfg = Debug|Any CPU
		{5E52573B-54E3-4099-A9CA-EA2203E17115}.Debug|Any CPU.Build.0 = Debug|Any CPU
		{5E52573B-54E3-4099-A9CA-EA2203E17115}.Release|Any CPU.ActiveCfg = Release|Any CPU
		{5E52573B-54E3-4099-A9CA-EA2203E17115}.Release|Any CPU.Build.0 = Release|Any CPU
		{D4924E8C-6D39-42A1-BBD3-3E971ABA9742}.Debug|Any CPU.ActiveCfg = Debug|Any CPU
		{D4924E8C-6D39-42A1-BBD3-3E971ABA9742}.Debug|Any CPU.Build.0 = Debug|Any CPU
		{D4924E8C-6D39-42A1-BBD3-3E971ABA9742}.Release|Any CPU.ActiveCfg = Release|Any CPU
		{D4924E8C-6D39-42A1-BBD3-3E971ABA9742}.Release|Any CPU.Build.0 = Release|Any CPU
		{4661F918-0FEB-4735-9C4C-D71F268BB86D}.Debug|Any CPU.ActiveCfg = Debug|Any CPU
		{4661F918-0FEB-4735-9C4C-D71F268BB86D}.Debug|Any CPU.Build.0 = Debug|Any CPU
		{4661F918-0FEB-4735-9C4C-D71F268BB86D}.Release|Any CPU.ActiveCfg = Release|Any CPU
		{4661F918-0FEB-4735-9C4C-D71F268BB86D}.Release|Any CPU.Build.0 = Release|Any CPU
		{A42CBB80-0856-4D6A-8146-5467B8048780}.Debug|Any CPU.ActiveCfg = Debug|Any CPU
		{A42CBB80-0856-4D6A-8146-5467B8048780}.Debug|Any CPU.Build.0 = Debug|Any CPU
		{A42CBB80-0856-4D6A-8146-5467B8048780}.Release|Any CPU.ActiveCfg = Release|Any CPU
		{A42CBB80-0856-4D6A-8146-5467B8048780}.Release|Any CPU.Build.0 = Release|Any CPU
		{232E7226-A932-46A1-8199-E6736B5D342B}.Debug|Any CPU.ActiveCfg = Debug|Any CPU
		{232E7226-A932-46A1-8199-E6736B5D342B}.Debug|Any CPU.Build.0 = Debug|Any CPU
		{232E7226-A932-46A1-8199-E6736B5D342B}.Release|Any CPU.ActiveCfg = Release|Any CPU
		{232E7226-A932-46A1-8199-E6736B5D342B}.Release|Any CPU.Build.0 = Release|Any CPU
		{86731CD9-7484-479E-8FBE-A4A5D9D0B3AC}.Debug|Any CPU.ActiveCfg = Debug|Any CPU
		{86731CD9-7484-479E-8FBE-A4A5D9D0B3AC}.Debug|Any CPU.Build.0 = Debug|Any CPU
		{86731CD9-7484-479E-8FBE-A4A5D9D0B3AC}.Release|Any CPU.ActiveCfg = Release|Any CPU
		{86731CD9-7484-479E-8FBE-A4A5D9D0B3AC}.Release|Any CPU.Build.0 = Release|Any CPU
		{CB2D79FB-1898-48EB-8B04-69EED5180AFB}.Debug|Any CPU.ActiveCfg = Debug|Any CPU
		{CB2D79FB-1898-48EB-8B04-69EED5180AFB}.Debug|Any CPU.Build.0 = Debug|Any CPU
		{CB2D79FB-1898-48EB-8B04-69EED5180AFB}.Release|Any CPU.ActiveCfg = Release|Any CPU
		{CB2D79FB-1898-48EB-8B04-69EED5180AFB}.Release|Any CPU.Build.0 = Release|Any CPU
	EndGlobalSection
	GlobalSection(SolutionProperties) = preSolution
		HideSolutionNode = FALSE
	EndGlobalSection
	GlobalSection(NestedProjects) = preSolution
		{92D8B188-02E2-4D1B-9C24-7649BAD3DF0F} = {4D4B7A2D-87E0-4E31-827D-98A898FBE8AE}
		{8272425B-EEE1-4525-AB15-AC1D06DDA1F3} = {4D4B7A2D-87E0-4E31-827D-98A898FBE8AE}
		{A5F24C51-65DE-4782-BC95-CEB5C6C7B630} = {599A22BF-F373-424C-B7BD-398D36EF6290}
		{4D4B7A2D-87E0-4E31-827D-98A898FBE8AE} = {599A22BF-F373-424C-B7BD-398D36EF6290}
		{4658A9C2-EAD0-45C9-B301-3E387EE33E5C} = {599A22BF-F373-424C-B7BD-398D36EF6290}
		{219519AE-34B7-4226-9A41-D2F9661DB418} = {A5F24C51-65DE-4782-BC95-CEB5C6C7B630}
		{7A796983-0DC9-4C2C-B0EE-DCC04DE344B6} = {219519AE-34B7-4226-9A41-D2F9661DB418}
		{EFA2F22F-7E32-4138-B3F6-D63F81C26D9D} = {219519AE-34B7-4226-9A41-D2F9661DB418}
		{B7CBE4F4-ED6F-4E9E-B79B-6590161A000B} = {219519AE-34B7-4226-9A41-D2F9661DB418}
		{06C08316-9930-4E1B-8C1E-1E84800CF555} = {219519AE-34B7-4226-9A41-D2F9661DB418}
		{33A11971-3D23-47BE-A181-128A4D6358F5} = {219519AE-34B7-4226-9A41-D2F9661DB418}
		{97F077B8-7A23-4E06-AADA-2F44E0A41CED} = {219519AE-34B7-4226-9A41-D2F9661DB418}
		{BE7565F7-79A9-4911-B177-02F21795B050} = {8272425B-EEE1-4525-AB15-AC1D06DDA1F3}
		{15017A85-C579-48F8-95C2-272688B48193} = {8272425B-EEE1-4525-AB15-AC1D06DDA1F3}
		{A3FC3677-DAE4-4011-A38E-580D1292FCF8} = {8272425B-EEE1-4525-AB15-AC1D06DDA1F3}
		{5E52573B-54E3-4099-A9CA-EA2203E17115} = {8272425B-EEE1-4525-AB15-AC1D06DDA1F3}
		{D4924E8C-6D39-42A1-BBD3-3E971ABA9742} = {92D8B188-02E2-4D1B-9C24-7649BAD3DF0F}
		{5EA433C8-1315-4575-BE8E-B0A47B8A00F2} = {B558E004-5878-49D1-A95D-33272DED7A2D}
		{4661F918-0FEB-4735-9C4C-D71F268BB86D} = {5EA433C8-1315-4575-BE8E-B0A47B8A00F2}
		{A42CBB80-0856-4D6A-8146-5467B8048780} = {5EA433C8-1315-4575-BE8E-B0A47B8A00F2}
		{232E7226-A932-46A1-8199-E6736B5D342B} = {5EA433C8-1315-4575-BE8E-B0A47B8A00F2}
		{86731CD9-7484-479E-8FBE-A4A5D9D0B3AC} = {5EA433C8-1315-4575-BE8E-B0A47B8A00F2}
		{A5ABF891-762A-4A32-BA8C-3E7DFA12F832} = {B558E004-5878-49D1-A95D-33272DED7A2D}
		{CB2D79FB-1898-48EB-8B04-69EED5180AFB} = {A5ABF891-762A-4A32-BA8C-3E7DFA12F832}
	EndGlobalSection
	GlobalSection(ExtensibilityGlobals) = postSolution
		SolutionGuid = {2249E8D4-FE9F-49E1-8C65-DD0C642923C4}
	EndGlobalSection
EndGlobal
